PODS:
  - JLRoutes (2.1)
  - MJExtension (3.4.1)
  - QMUIKit (4.3.0):
    - QMUIKit/QMUIComponents (= 4.3.0)
    - QMUIKit/QMUICore (= 4.3.0)
    - QMUIKit/QMUILog (= 4.3.0)
    - QMUIKit/QMUIMainFrame (= 4.3.0)
    - QMUIKit/QMUIResources (= 4.3.0)
    - QMUIKit/QMUIWeakObjectContainer (= 4.3.0)
  - QMUIKit/QMUIComponents (4.3.0):
    - QMUIKit/QMUIComponents/NavigationBarTransition (= 4.3.0)
    - QMUIKit/QMUIComponents/QMUIAlertController (= 4.3.0)
    - QMUIKit/QMUIComponents/QMUIAnimation (= 4.3.0)
    - QMUIKit/QMUIComponents/QMUIAppearance (= 4.3.0)
    - QMUIKit/QMUIComponents/QMUIAssetLibrary (= 4.3.0)
    - QMUIKit/QMUIComponents/QMUIBadge (= 4.3.0)
    - QMUIKit/QMUIComponents/QMUIButton (= 4.3.0)
    - QMUIKit/QMUIComponents/QMUICAAnimationExtension (= 4.3.0)
    - QMUIKit/QMUIComponents/QMUICALayerExtension (= 4.3.0)
    - QMUIKit/QMUIComponents/QMUICellHeightCache (= 4.3.0)
    - QMUIKit/QMUIComponents/QMUICellHeightKeyCache (= 4.3.0)
    - QMUIKit/QMUIComponents/QMUICellSizeKeyCache (= 4.3.0)
    - QMUIKit/QMUIComponents/QMUICollectionViewPagingLayout (= 4.3.0)
    - QMUIKit/QMUIComponents/QMUIConsole (= 4.3.0)
    - QMUIKit/QMUIComponents/QMUIDialogViewController (= 4.3.0)
    - QMUIKit/QMUIComponents/QMUIEmotionInputManager (= 4.3.0)
    - QMUIKit/QMUIComponents/QMUIEmotionView (= 4.3.0)
    - QMUIKit/QMUIComponents/QMUIEmptyView (= 4.3.0)
    - QMUIKit/QMUIComponents/QMUIFillButton (= 4.3.0)
    - QMUIKit/QMUIComponents/QMUIFloatLayoutView (= 4.3.0)
    - QMUIKit/QMUIComponents/QMUIGhostButton (= 4.3.0)
    - QMUIKit/QMUIComponents/QMUIGridView (= 4.3.0)
    - QMUIKit/QMUIComponents/QMUIImagePickerLibrary (= 4.3.0)
    - QMUIKit/QMUIComponents/QMUIImagePreviewView (= 4.3.0)
    - QMUIKit/QMUIComponents/QMUIKeyboardManager (= 4.3.0)
    - QMUIKit/QMUIComponents/QMUILabel (= 4.3.0)
    - QMUIKit/QMUIComponents/QMUILogManagerViewController (= 4.3.0)
    - QMUIKit/QMUIComponents/QMUILogWithConfigurationSupported (= 4.3.0)
    - QMUIKit/QMUIComponents/QMUIMarqueeLabel (= 4.3.0)
    - QMUIKit/QMUIComponents/QMUIModalPresentationViewController (= 4.3.0)
    - QMUIKit/QMUIComponents/QMUIMoreOperationController (= 4.3.0)
    - QMUIKit/QMUIComponents/QMUIMultipleDelegates (= 4.3.0)
    - QMUIKit/QMUIComponents/QMUINavigationButton (= 4.3.0)
    - QMUIKit/QMUIComponents/QMUINavigationTitleView (= 4.3.0)
    - QMUIKit/QMUIComponents/QMUIOrderedDictionary (= 4.3.0)
    - QMUIKit/QMUIComponents/QMUIPieProgressView (= 4.3.0)
    - QMUIKit/QMUIComponents/QMUIPopupContainerView (= 4.3.0)
    - QMUIKit/QMUIComponents/QMUIPopupMenuView (= 4.3.0)
    - QMUIKit/QMUIComponents/QMUIScrollAnimator (= 4.3.0)
    - QMUIKit/QMUIComponents/QMUISearchBar (= 4.3.0)
    - QMUIKit/QMUIComponents/QMUISearchController (= 4.3.0)
    - QMUIKit/QMUIComponents/QMUISegmentedControl (= 4.3.0)
    - QMUIKit/QMUIComponents/QMUISlider (= 4.3.0)
    - QMUIKit/QMUIComponents/QMUIStaticTableView (= 4.3.0)
    - QMUIKit/QMUIComponents/QMUITableView (= 4.3.0)
    - QMUIKit/QMUIComponents/QMUITableViewCell (= 4.3.0)
    - QMUIKit/QMUIComponents/QMUITableViewHeaderFooterView (= 4.3.0)
    - QMUIKit/QMUIComponents/QMUITableViewProtocols (= 4.3.0)
    - QMUIKit/QMUIComponents/QMUITestView (= 4.3.0)
    - QMUIKit/QMUIComponents/QMUITextField (= 4.3.0)
    - QMUIKit/QMUIComponents/QMUITextView (= 4.3.0)
    - QMUIKit/QMUIComponents/QMUITheme (= 4.3.0)
    - QMUIKit/QMUIComponents/QMUITips (= 4.3.0)
    - QMUIKit/QMUIComponents/QMUIToastView (= 4.3.0)
    - QMUIKit/QMUIComponents/QMUIToolbarButton (= 4.3.0)
    - QMUIKit/QMUIComponents/QMUIWindowSizeMonitor (= 4.3.0)
    - QMUIKit/QMUIComponents/QMUIZoomImageView (= 4.3.0)
    - QMUIKit/QMUICore
  - QMUIKit/QMUIComponents/NavigationBarTransition (4.3.0):
    - QMUIKit/QMUIComponents/QMUINavigationTitleView
    - QMUIKit/QMUICore
    - QMUIKit/QMUIMainFrame
  - QMUIKit/QMUIComponents/QMUIAlertController (4.3.0):
    - QMUIKit/QMUIComponents/QMUIAppearance
    - QMUIKit/QMUIComponents/QMUIButton
    - QMUIKit/QMUIComponents/QMUIKeyboardManager
    - QMUIKit/QMUIComponents/QMUILabel
    - QMUIKit/QMUIComponents/QMUIModalPresentationViewController
    - QMUIKit/QMUIComponents/QMUITextField
    - QMUIKit/QMUICore
  - QMUIKit/QMUIComponents/QMUIAnimation (4.3.0):
    - QMUIKit/QMUICore
  - QMUIKit/QMUIComponents/QMUIAppearance (4.3.0):
    - QMUIKit/QMUICore
  - QMUIKit/QMUIComponents/QMUIAssetLibrary (4.3.0):
    - QMUIKit/QMUICore
  - QMUIKit/QMUIComponents/QMUIBadge (4.3.0):
    - QMUIKit/QMUIComponents/QMUILabel
    - QMUIKit/QMUICore
  - QMUIKit/QMUIComponents/QMUIButton (4.3.0):
    - QMUIKit/QMUICore
  - QMUIKit/QMUIComponents/QMUICAAnimationExtension (4.3.0):
    - QMUIKit/QMUIComponents/QMUIMultipleDelegates
    - QMUIKit/QMUICore
  - QMUIKit/QMUIComponents/QMUICALayerExtension (4.3.0):
    - QMUIKit/QMUIComponents/QMUIMultipleDelegates
    - QMUIKit/QMUICore
  - QMUIKit/QMUIComponents/QMUICellHeightCache (4.3.0):
    - QMUIKit/QMUIComponents/QMUITableViewProtocols
    - QMUIKit/QMUICore
  - QMUIKit/QMUIComponents/QMUICellHeightKeyCache (4.3.0):
    - QMUIKit/QMUIComponents/QMUIMultipleDelegates
    - QMUIKit/QMUIComponents/QMUITableViewProtocols
    - QMUIKit/QMUICore
  - QMUIKit/QMUIComponents/QMUICellSizeKeyCache (4.3.0):
    - QMUIKit/QMUIComponents/QMUIMultipleDelegates
    - QMUIKit/QMUICore
  - QMUIKit/QMUIComponents/QMUICollectionViewPagingLayout (4.3.0):
    - QMUIKit/QMUICore
  - QMUIKit/QMUIComponents/QMUIConsole (4.3.0):
    - QMUIKit/QMUIComponents/QMUIButton
    - QMUIKit/QMUIComponents/QMUICAAnimationExtension
    - QMUIKit/QMUIComponents/QMUICellHeightKeyCache
    - QMUIKit/QMUIComponents/QMUIPopupMenuView
    - QMUIKit/QMUIComponents/QMUITableView
    - QMUIKit/QMUIComponents/QMUITableViewCell
    - QMUIKit/QMUIComponents/QMUITextField
    - QMUIKit/QMUIComponents/QMUITextView
    - QMUIKit/QMUICore
    - QMUIKit/QMUIResources
  - QMUIKit/QMUIComponents/QMUIDialogViewController (4.3.0):
    - QMUIKit/QMUIComponents/QMUIAppearance
    - QMUIKit/QMUIComponents/QMUIButton
    - QMUIKit/QMUIComponents/QMUILabel
    - QMUIKit/QMUIComponents/QMUIModalPresentationViewController
    - QMUIKit/QMUIComponents/QMUINavigationTitleView
    - QMUIKit/QMUIComponents/QMUITableView
    - QMUIKit/QMUIComponents/QMUITableViewCell
    - QMUIKit/QMUIComponents/QMUITextField
    - QMUIKit/QMUICore
    - QMUIKit/QMUIMainFrame
  - QMUIKit/QMUIComponents/QMUIEmotionInputManager (4.3.0):
    - QMUIKit/QMUIComponents/QMUIEmotionView
    - QMUIKit/QMUICore
  - QMUIKit/QMUIComponents/QMUIEmotionView (4.3.0):
    - QMUIKit/QMUIComponents/QMUIButton
    - QMUIKit/QMUICore
    - QMUIKit/QMUIResources
  - QMUIKit/QMUIComponents/QMUIEmptyView (4.3.0):
    - QMUIKit/QMUIComponents/QMUIAppearance
    - QMUIKit/QMUIComponents/QMUIButton
    - QMUIKit/QMUICore
  - QMUIKit/QMUIComponents/QMUIFillButton (4.3.0):
    - QMUIKit/QMUIComponents/QMUIButton
    - QMUIKit/QMUICore
  - QMUIKit/QMUIComponents/QMUIFloatLayoutView (4.3.0):
    - QMUIKit/QMUICore
  - QMUIKit/QMUIComponents/QMUIGhostButton (4.3.0):
    - QMUIKit/QMUIComponents/QMUIButton
    - QMUIKit/QMUICore
  - QMUIKit/QMUIComponents/QMUIGridView (4.3.0):
    - QMUIKit/QMUICore
  - QMUIKit/QMUIComponents/QMUIImagePickerLibrary (4.3.0):
    - QMUIKit/QMUIComponents/QMUIAlertController
    - QMUIKit/QMUIComponents/QMUIAppearance
    - QMUIKit/QMUIComponents/QMUIAssetLibrary
    - QMUIKit/QMUIComponents/QMUIButton
    - QMUIKit/QMUIComponents/QMUIEmptyView
    - QMUIKit/QMUIComponents/QMUIImagePreviewView
    - QMUIKit/QMUIComponents/QMUINavigationButton
    - QMUIKit/QMUIComponents/QMUITableViewCell
    - QMUIKit/QMUIComponents/QMUIZoomImageView
    - QMUIKit/QMUICore
    - QMUIKit/QMUIMainFrame
    - QMUIKit/QMUIResources
  - QMUIKit/QMUIComponents/QMUIImagePreviewView (4.3.0):
    - QMUIKit/QMUIComponents/QMUIAppearance
    - QMUIKit/QMUIComponents/QMUIButton
    - QMUIKit/QMUIComponents/QMUICollectionViewPagingLayout
    - QMUIKit/QMUIComponents/QMUIEmptyView
    - QMUIKit/QMUIComponents/QMUIPieProgressView
    - QMUIKit/QMUIComponents/QMUIZoomImageView
    - QMUIKit/QMUICore
    - QMUIKit/QMUIMainFrame
  - QMUIKit/QMUIComponents/QMUIKeyboardManager (4.3.0):
    - QMUIKit/QMUIComponents/QMUIAppearance
    - QMUIKit/QMUIComponents/QMUIMultipleDelegates
    - QMUIKit/QMUICore
  - QMUIKit/QMUIComponents/QMUILabel (4.3.0):
    - QMUIKit/QMUICore
  - QMUIKit/QMUIComponents/QMUILogManagerViewController (4.3.0):
    - QMUIKit/QMUIComponents/QMUIPopupMenuView
    - QMUIKit/QMUIComponents/QMUISearchController
    - QMUIKit/QMUIComponents/QMUIStaticTableView
    - QMUIKit/QMUIComponents/QMUITableView
    - QMUIKit/QMUICore
    - QMUIKit/QMUIMainFrame
  - QMUIKit/QMUIComponents/QMUILogWithConfigurationSupported (4.3.0):
    - QMUIKit/QMUICore
  - QMUIKit/QMUIComponents/QMUIMarqueeLabel (4.3.0):
    - QMUIKit/QMUICore
  - QMUIKit/QMUIComponents/QMUIModalPresentationViewController (4.3.0):
    - QMUIKit/QMUIComponents/QMUIAppearance
    - QMUIKit/QMUIComponents/QMUIKeyboardManager
    - QMUIKit/QMUICore
  - QMUIKit/QMUIComponents/QMUIMoreOperationController (4.3.0):
    - QMUIKit/QMUIComponents/QMUIAppearance
    - QMUIKit/QMUIComponents/QMUIButton
    - QMUIKit/QMUIComponents/QMUIModalPresentationViewController
    - QMUIKit/QMUICore
  - QMUIKit/QMUIComponents/QMUIMultipleDelegates (4.3.0):
    - QMUIKit/QMUICore
  - QMUIKit/QMUIComponents/QMUINavigationButton (4.3.0):
    - QMUIKit/QMUICore
    - QMUIKit/QMUIMainFrame
  - QMUIKit/QMUIComponents/QMUINavigationTitleView (4.3.0):
    - QMUIKit/QMUIComponents/QMUIAppearance
    - QMUIKit/QMUIComponents/QMUIButton
    - QMUIKit/QMUICore
  - QMUIKit/QMUIComponents/QMUIOrderedDictionary (4.3.0):
    - QMUIKit/QMUICore
  - QMUIKit/QMUIComponents/QMUIPieProgressView (4.3.0):
    - QMUIKit/QMUICore
  - QMUIKit/QMUIComponents/QMUIPopupContainerView (4.3.0):
    - QMUIKit/QMUIComponents/QMUIAppearance
    - QMUIKit/QMUICore
    - QMUIKit/QMUIMainFrame
  - QMUIKit/QMUIComponents/QMUIPopupMenuView (4.3.0):
    - QMUIKit/QMUIComponents/QMUIButton
    - QMUIKit/QMUIComponents/QMUIPopupContainerView
    - QMUIKit/QMUICore
  - QMUIKit/QMUIComponents/QMUIScrollAnimator (4.3.0):
    - QMUIKit/QMUIComponents/QMUIMultipleDelegates
    - QMUIKit/QMUICore
  - QMUIKit/QMUIComponents/QMUISearchBar (4.3.0):
    - QMUIKit/QMUICore
  - QMUIKit/QMUIComponents/QMUISearchController (4.3.0):
    - QMUIKit/QMUIComponents/QMUIEmptyView
    - QMUIKit/QMUIComponents/QMUISearchBar
    - QMUIKit/QMUICore
    - QMUIKit/QMUIMainFrame
  - QMUIKit/QMUIComponents/QMUISegmentedControl (4.3.0):
    - QMUIKit/QMUICore
  - QMUIKit/QMUIComponents/QMUISlider (4.3.0):
    - QMUIKit/QMUICore
  - QMUIKit/QMUIComponents/QMUIStaticTableView (4.3.0):
    - QMUIKit/QMUIComponents/QMUIMultipleDelegates
    - QMUIKit/QMUIComponents/QMUITableViewCell
    - QMUIKit/QMUICore
  - QMUIKit/QMUIComponents/QMUITableView (4.3.0):
    - QMUIKit/QMUIComponents/QMUITableViewProtocols
    - QMUIKit/QMUICore
  - QMUIKit/QMUIComponents/QMUITableViewCell (4.3.0):
    - QMUIKit/QMUIComponents/QMUIButton
    - QMUIKit/QMUICore
  - QMUIKit/QMUIComponents/QMUITableViewHeaderFooterView (4.3.0):
    - QMUIKit/QMUICore
  - QMUIKit/QMUIComponents/QMUITableViewProtocols (4.3.0):
    - QMUIKit/QMUICore
  - QMUIKit/QMUIComponents/QMUITestView (4.3.0):
    - QMUIKit/QMUICore
  - QMUIKit/QMUIComponents/QMUITextField (4.3.0):
    - QMUIKit/QMUIComponents/QMUIMultipleDelegates
    - QMUIKit/QMUICore
  - QMUIKit/QMUIComponents/QMUITextView (4.3.0):
    - QMUIKit/QMUIComponents/QMUILabel
    - QMUIKit/QMUIComponents/QMUIMultipleDelegates
    - QMUIKit/QMUICore
  - QMUIKit/QMUIComponents/QMUITheme (4.3.0):
    - QMUIKit/QMUIComponents/QMUIAlertController
    - QMUIKit/QMUIComponents/QMUIBadge
    - QMUIKit/QMUIComponents/QMUIButton
    - QMUIKit/QMUIComponents/QMUIConsole
    - QMUIKit/QMUIComponents/QMUIEmotionView
    - QMUIKit/QMUIComponents/QMUIEmptyView
    - QMUIKit/QMUIComponents/QMUIFillButton
    - QMUIKit/QMUIComponents/QMUIGhostButton
    - QMUIKit/QMUIComponents/QMUIGridView
    - QMUIKit/QMUIComponents/QMUIImagePickerLibrary
    - QMUIKit/QMUIComponents/QMUIImagePreviewView
    - QMUIKit/QMUIComponents/QMUILabel
    - QMUIKit/QMUIComponents/QMUIModalPresentationViewController
    - QMUIKit/QMUIComponents/QMUIPopupContainerView
    - QMUIKit/QMUIComponents/QMUIPopupMenuView
    - QMUIKit/QMUIComponents/QMUISlider
    - QMUIKit/QMUIComponents/QMUITextField
    - QMUIKit/QMUIComponents/QMUITextView
    - QMUIKit/QMUIComponents/QMUIToastView
    - QMUIKit/QMUICore
  - QMUIKit/QMUIComponents/QMUITips (4.3.0):
    - QMUIKit/QMUIComponents/QMUIToastView
    - QMUIKit/QMUICore
    - QMUIKit/QMUIResources
  - QMUIKit/QMUIComponents/QMUIToastView (4.3.0):
    - QMUIKit/QMUIComponents/QMUIKeyboardManager
    - QMUIKit/QMUICore
  - QMUIKit/QMUIComponents/QMUIToolbarButton (4.3.0):
    - QMUIKit/QMUICore
  - QMUIKit/QMUIComponents/QMUIWindowSizeMonitor (4.3.0):
    - QMUIKit/QMUICore
  - QMUIKit/QMUIComponents/QMUIZoomImageView (4.3.0):
    - QMUIKit/QMUIComponents/QMUIAssetLibrary
    - QMUIKit/QMUIComponents/QMUIButton
    - QMUIKit/QMUIComponents/QMUIEmptyView
    - QMUIKit/QMUIComponents/QMUIPieProgressView
    - QMUIKit/QMUIComponents/QMUISlider
    - QMUIKit/QMUICore
    - QMUIKit/QMUIResources
  - QMUIKit/QMUICore (4.3.0):
    - QMUIKit/QMUILog
    - QMUIKit/QMUIWeakObjectContainer
  - QMUIKit/QMUILog (4.3.0)
  - QMUIKit/QMUIMainFrame (4.3.0):
    - QMUIKit/QMUIComponents/QMUIEmptyView
    - QMUIKit/QMUIComponents/QMUIKeyboardManager
    - QMUIKit/QMUIComponents/QMUIMultipleDelegates
    - QMUIKit/QMUIComponents/QMUINavigationTitleView
    - QMUIKit/QMUIComponents/QMUITableView
    - QMUIKit/QMUIComponents/QMUITableViewHeaderFooterView
    - QMUIKit/QMUICore
    - QMUIKit/QMUILog
  - QMUIKit/QMUIResources (4.3.0)
  - QMUIKit/QMUIWeakObjectContainer (4.3.0)
  - YLBCommon (1.0.0)
  - YLBDBasePod (0.1.0):
    - JLRoutes
    - MJExtension
    - QMUIKit
    - YLBCommon
    - YLBDServices
    - YLBModule
    - YLBProUI
  - YLBDDetail (0.1.0):
    - YLBDBasePod
  - YLBDesign (0.1.0):
    - YLBDBasePod
  - YLBDHome (0.1.0):
    - YLBDBasePod
  - YLBDMine (0.1.0):
    - YLBDBasePod
  - YLBDRouter (0.1.0)
  - YLBDServices (0.1.0)
  - YLBModule (0.2.0)
  - YLBProUI (0.1.0):
    - YLBCommon

DEPENDENCIES:
  - JLRoutes (from `https://github.com/joeldev/JLRoutes.git`)
  - QMUIKit
  - YLBCommon (from `https://github.com/ProBobo/YLBCommon.git`)
  - YLBDBasePod (from `https://github.com/YuliboTeam/YLBDBasePod.git`)
  - YLBDDetail (from `https://github.com/YuliboTeam/YLBDDetail.git`)
  - YLBDesign (from `../`)
  - YLBDHome (from `https://github.com/YuliboTeam/YLBDHome.git`)
  - YLBDMine (from `https://github.com/YuliboTeam/YLBDMine.git`)
  - YLBDRouter (from `https://github.com/YuliboTeam/YLBDRouter.git`)
  - YLBDServices (from `https://github.com/YuliboTeam/YLBDServices.git`)
  - YLBModule (from `https://github.com/ProBobo/YLBModule.git`)
  - YLBProUI (from `https://github.com/YuliboTeam/YLBProUI.git`)

SPEC REPOS:
  https://mirrors.tuna.tsinghua.edu.cn/git/CocoaPods/Specs.git:
    - MJExtension
    - QMUIKit

EXTERNAL SOURCES:
  JLRoutes:
    :git: https://github.com/joeldev/JLRoutes.git
  YLBCommon:
    :git: https://github.com/ProBobo/YLBCommon.git
  YLBDBasePod:
    :git: https://github.com/YuliboTeam/YLBDBasePod.git
  YLBDDetail:
    :git: https://github.com/YuliboTeam/YLBDDetail.git
  YLBDesign:
    :path: "../"
  YLBDHome:
    :git: https://github.com/YuliboTeam/YLBDHome.git
  YLBDMine:
    :git: https://github.com/YuliboTeam/YLBDMine.git
  YLBDRouter:
    :git: https://github.com/YuliboTeam/YLBDRouter.git
  YLBDServices:
    :git: https://github.com/YuliboTeam/YLBDServices.git
  YLBModule:
    :git: https://github.com/ProBobo/YLBModule.git
  YLBProUI:
    :git: https://github.com/YuliboTeam/YLBProUI.git

CHECKOUT OPTIONS:
  JLRoutes:
    :commit: bc50a7ce4af0e819e559c41e5e0740e5c51f0ab0
    :git: https://github.com/joeldev/JLRoutes.git
  YLBCommon:
    :commit: d84f498994d10ff0194d61057d8fa7131b0ae47a
    :git: https://github.com/ProBobo/YLBCommon.git
  YLBDBasePod:
    :commit: 12e36ffbfe94c38131a341b936e5444fd45034f7
    :git: https://github.com/YuliboTeam/YLBDBasePod.git
  YLBDDetail:
    :commit: c0ef9635610363a806066599270f5f85495a0b18
    :git: https://github.com/YuliboTeam/YLBDDetail.git
  YLBDHome:
    :commit: e8875adf4b33c00abfbaa633df0efd58575a3e22
    :git: https://github.com/YuliboTeam/YLBDHome.git
  YLBDMine:
    :commit: 82931c4703500924ad68fd0e2efdaa4077b34d32
    :git: https://github.com/YuliboTeam/YLBDMine.git
  YLBDRouter:
    :commit: 23c532264007cc48a421bbd632c1699d1283e7bb
    :git: https://github.com/YuliboTeam/YLBDRouter.git
  YLBDServices:
    :commit: 87e6986da7107d5cf9e326f11f4c6ce7a44735c8
    :git: https://github.com/YuliboTeam/YLBDServices.git
  YLBModule:
    :commit: dec32d8889b1be0f90d4e0226f49d2847c133dc5
    :git: https://github.com/ProBobo/YLBModule.git
  YLBProUI:
    :commit: becd1584c44d17d64e29b522ccba70c3decf98dd
    :git: https://github.com/YuliboTeam/YLBProUI.git

SPEC CHECKSUMS:
  JLRoutes: ca01527f1bd92e3016699c0f2be084d7ee11e01a
  MJExtension: 21c5f6f8c4d5d8844b7ae8fbae08fed0b501f961
  QMUIKit: 67888be9aa0ee0b12b8a219fcea2eec900afd841
  YLBCommon: f80ff98015ea7f41ad0c1d7601dac18a6e939a05
  YLBDBasePod: 5f58b55989585de29d118545cadb18e41c73c778
  YLBDDetail: a9b0e97b83d8356ef6c299014bc51e961be083c8
  YLBDesign: c2fa8f3d2f983416f0cd51955acaf8db54085343
  YLBDHome: 29c572a01957650174018b7e0238e224650a4467
  YLBDMine: c57eb4016ee6f3a9a56c6ed496fcad56dcca631d
  YLBDRouter: 4c3a2c22c71466380c24f2e56dc5850561471137
  YLBDServices: 7a3ac8000b966fdc07c6b7f147cdc8779fe76bd6
  YLBModule: 18ea2d791e8e5c672bdd9f39c711234935475e7c
  YLBProUI: f1c059b8d3151e8a6a5bdf0fba329d2e3e5bb020

PODFILE CHECKSUM: 865ae5dec7531391a2e8c28695a2e640b83fbd75

COCOAPODS: 1.11.2
